// !$*UTF8*$!
{
	archiveVersion = 1;
	classes = {
	};
	objectVersion = 50;
	objects = {

/* Begin PBXBuildFile section */
		1B7CA20326BB6E2C00A22F03 /* PressKeypad.swift in Sources */ = {isa = PBXBuildFile; fileRef = 1B7CA20226BB6E2C00A22F03 /* PressKeypad.swift */; };
		1B7CA20626BB7FF900A22F03 /* RecommendationID.swift in Sources */ = {isa = PBXBuildFile; fileRef = 1B7CA20526BB7FF900A22F03 /* RecommendationID.swift */; };
		1B7CA20A26BB91E800A22F03 /* NumericAndEngWord.swift in Sources */ = {isa = PBXBuildFile; fileRef = 1B7CA20926BB91E800A22F03 /* NumericAndEngWord.swift */; };
		1B80129E26BAC89200551F8C /* AppDelegate.swift in Sources */ = {isa = PBXBuildFile; fileRef = 1B80129D26BAC89200551F8C /* AppDelegate.swift */; };
		1B8012A026BAC89200551F8C /* SceneDelegate.swift in Sources */ = {isa = PBXBuildFile; fileRef = 1B80129F26BAC89200551F8C /* SceneDelegate.swift */; };
		1B8012A226BAC89200551F8C /* ViewController.swift in Sources */ = {isa = PBXBuildFile; fileRef = 1B8012A126BAC89200551F8C /* ViewController.swift */; };
		1B8012A526BAC89200551F8C /* Main.storyboard in Resources */ = {isa = PBXBuildFile; fileRef = 1B8012A326BAC89200551F8C /* Main.storyboard */; };
		1B8012A726BAC89200551F8C /* Assets.xcassets in Resources */ = {isa = PBXBuildFile; fileRef = 1B8012A626BAC89200551F8C /* Assets.xcassets */; };
		1B8012AA26BAC89200551F8C /* LaunchScreen.storyboard in Resources */ = {isa = PBXBuildFile; fileRef = 1B8012A826BAC89200551F8C /* LaunchScreen.storyboard */; };
/* End PBXBuildFile section */

/* Begin PBXFileReference section */
		1B7CA20226BB6E2C00A22F03 /* PressKeypad.swift */ = {isa = PBXFileReference; lastKnownFileType = sourcecode.swift; path = PressKeypad.swift; sourceTree = "<group>"; };
		1B7CA20526BB7FF900A22F03 /* RecommendationID.swift */ = {isa = PBXFileReference; lastKnownFileType = sourcecode.swift; path = RecommendationID.swift; sourceTree = "<group>"; };
		1B7CA20926BB91E800A22F03 /* NumericAndEngWord.swift */ = {isa = PBXFileReference; lastKnownFileType = sourcecode.swift; path = NumericAndEngWord.swift; sourceTree = "<group>"; };
		1B80129A26BAC89200551F8C /* Algorithm.app */ = {isa = PBXFileReference; explicitFileType = wrapper.application; includeInIndex = 0; path = Algorithm.app; sourceTree = BUILT_PRODUCTS_DIR; };
		1B80129D26BAC89200551F8C /* AppDelegate.swift */ = {isa = PBXFileReference; lastKnownFileType = sourcecode.swift; path = AppDelegate.swift; sourceTree = "<group>"; };
		1B80129F26BAC89200551F8C /* SceneDelegate.swift */ = {isa = PBXFileReference; lastKnownFileType = sourcecode.swift; path = SceneDelegate.swift; sourceTree = "<group>"; };
		1B8012A126BAC89200551F8C /* ViewController.swift */ = {isa = PBXFileReference; lastKnownFileType = sourcecode.swift; path = ViewController.swift; sourceTree = "<group>"; };
		1B8012A426BAC89200551F8C /* Base */ = {isa = PBXFileReference; lastKnownFileType = file.storyboard; name = Base; path = Base.lproj/Main.storyboard; sourceTree = "<group>"; };
		1B8012A626BAC89200551F8C /* Assets.xcassets */ = {isa = PBXFileReference; lastKnownFileType = folder.assetcatalog; path = Assets.xcassets; sourceTree = "<group>"; };
		1B8012A926BAC89200551F8C /* Base */ = {isa = PBXFileReference; lastKnownFileType = file.storyboard; name = Base; path = Base.lproj/LaunchScreen.storyboard; sourceTree = "<group>"; };
		1B8012AB26BAC89200551F8C /* Info.plist */ = {isa = PBXFileReference; lastKnownFileType = text.plist.xml; path = Info.plist; sourceTree = "<group>"; };
/* End PBXFileReference section */

/* Begin PBXFrameworksBuildPhase section */
		1B80129726BAC89200551F8C /* Frameworks */ = {
			isa = PBXFrameworksBuildPhase;
			buildActionMask = 2147483647;
			files = (
			);
			runOnlyForDeploymentPostprocessing = 0;
		};
/* End PBXFrameworksBuildPhase section */

/* Begin PBXGroup section */
		1B7CA20126BB6D5100A22F03 /* Programmers */ = {
			isa = PBXGroup;
			children = (
				1B7CA20426BB6E8C00A22F03 /* Level1 */,
			);
			path = Programmers;
			sourceTree = "<group>";
		};
		1B7CA20426BB6E8C00A22F03 /* Level1 */ = {
			isa = PBXGroup;
			children = (
				1B7CA20226BB6E2C00A22F03 /* PressKeypad.swift */,
				1B7CA20526BB7FF900A22F03 /* RecommendationID.swift */,
				1B7CA20926BB91E800A22F03 /* NumericAndEngWord.swift */,
			);
			path = Level1;
			sourceTree = "<group>";
		};
		1B80129126BAC89200551F8C = {
			isa = PBXGroup;
			children = (
				1B80129C26BAC89200551F8C /* Algorithm */,
				1B80129B26BAC89200551F8C /* Products */,
			);
			sourceTree = "<group>";
		};
		1B80129B26BAC89200551F8C /* Products */ = {
			isa = PBXGroup;
			children = (
				1B80129A26BAC89200551F8C /* Algorithm.app */,
			);
			name = Products;
			sourceTree = "<group>";
		};
		1B80129C26BAC89200551F8C /* Algorithm */ = {
			isa = PBXGroup;
			children = (
				1B7CA20126BB6D5100A22F03 /* Programmers */,
				1B80129D26BAC89200551F8C /* AppDelegate.swift */,
				1B80129F26BAC89200551F8C /* SceneDelegate.swift */,
				1B8012A126BAC89200551F8C /* ViewController.swift */,
				1B8012A326BAC89200551F8C /* Main.storyboard */,
				1B8012A626BAC89200551F8C /* Assets.xcassets */,
				1B8012A826BAC89200551F8C /* LaunchScreen.storyboard */,
				1B8012AB26BAC89200551F8C /* Info.plist */,
			);
			path = Algorithm;
			sourceTree = "<group>";
		};
/* End PBXGroup section */

/* Begin PBXNativeTarget section */
		1B80129926BAC89200551F8C /* Algorithm */ = {
			isa = PBXNativeTarget;
			buildConfigurationList = 1B8012AE26BAC89200551F8C /* Build configuration list for PBXNativeTarget "Algorithm" */;
			buildPhases = (
				1B80129626BAC89200551F8C /* Sources */,
				1B80129726BAC89200551F8C /* Frameworks */,
				1B80129826BAC89200551F8C /* Resources */,
			);
			buildRules = (
			);
			dependencies = (
			);
			name = Algorithm;
			productName = Algorithm;
			productReference = 1B80129A26BAC89200551F8C /* Algorithm.app */;
			productType = "com.apple.product-type.application";
		};
/* End PBXNativeTarget section */

/* Begin PBXProject section */
		1B80129226BAC89200551F8C /* Project object */ = {
			isa = PBXProject;
			attributes = {
				LastSwiftUpdateCheck = 1250;
				LastUpgradeCheck = 1250;
				TargetAttributes = {
					1B80129926BAC89200551F8C = {
						CreatedOnToolsVersion = 12.5.1;
					};
				};
			};
			buildConfigurationList = 1B80129526BAC89200551F8C /* Build configuration list for PBXProject "Algorithm" */;
			compatibilityVersion = "Xcode 9.3";
			developmentRegion = en;
			hasScannedForEncodings = 0;
			knownRegions = (
				en,
				Base,
			);
			mainGroup = 1B80129126BAC89200551F8C;
			productRefGroup = 1B80129B26BAC89200551F8C /* Products */;
			projectDirPath = "";
			projectRoot = "";
			targets = (
				1B80129926BAC89200551F8C /* Algorithm */,
			);
		};
/* End PBXProject section */

/* Begin PBXResourcesBuildPhase section */
		1B80129826BAC89200551F8C /* Resources */ = {
			isa = PBXResourcesBuildPhase;
			buildActionMask = 2147483647;
			files = (
				1B8012AA26BAC89200551F8C /* LaunchScreen.storyboard in Resources */,
				1B8012A726BAC89200551F8C /* Assets.xcassets in Resources */,
				1B8012A526BAC89200551F8C /* Main.storyboard in Resources */,
			);
			runOnlyForDeploymentPostprocessing = 0;
		};
/* End PBXResourcesBuildPhase section */

/* Begin PBXSourcesBuildPhase section */
		1B80129626BAC89200551F8C /* Sources */ = {
			isa = PBXSourcesBuildPhase;
			buildActionMask = 2147483647;
			files = (
				1B8012A226BAC89200551F8C /* ViewController.swift in Sources */,
				1B80129E26BAC89200551F8C /* AppDelegate.swift in Sources */,
				1B7CA20A26BB91E800A22F03 /* NumericAndEngWord.swift in Sources */,
				1B7CA20626BB7FF900A22F03 /* RecommendationID.swift in Sources */,
				1B8012A026BAC89200551F8C /* SceneDelegate.swift in Sources */,
				1B7CA20326BB6E2C00A22F03 /* PressKeypad.swift in Sources */,
			);
			runOnlyForDeploymentPostprocessing = 0;
		};
/* End PBXSourcesBuildPhase section */

/* Begin PBXVariantGroup section */
		1B8012A326BAC89200551F8C /* Main.storyboard */ = {
			isa = PBXVariantGroup;
			children = (
				1B8012A426BAC89200551F8C /* Base */,
			);
			name = Main.storyboard;
			sourceTree = "<group>";
		};
		1B8012A826BAC89200551F8C /* LaunchScreen.storyboard */ = {
			isa = PBXVariantGroup;
			children = (
				1B8012A926BAC89200551F8C /* Base */,
			);
			name = LaunchScreen.storyboard;
			sourceTree = "<group>";
		};
/* End PBXVariantGroup section */

/* Begin XCBuildConfiguration section */
		1B8012AC26BAC89200551F8C /* Debug */ = {
			isa = XCBuildConfiguration;
			buildSettings = {
				ALWAYS_SEARCH_USER_PATHS = NO;
				CLANG_ANALYZER_NONNULL = YES;
				CLANG_ANALYZER_NUMBER_OBJECT_CONVERSION = YES_AGGRESSIVE;
				CLANG_CXX_LANGUAGE_STANDARD = "gnu++14";
				CLANG_CXX_LIBRARY = "libc++";
				CLANG_ENABLE_MODULES = YES;
				CLANG_ENABLE_OBJC_ARC = YES;
				CLANG_ENABLE_OBJC_WEAK = YES;
				CLANG_WARN_BLOCK_CAPTURE_AUTORELEASING = YES;
				CLANG_WARN_BOOL_CONVERSION = YES;
				CLANG_WARN_COMMA = YES;
				CLANG_WARN_CONSTANT_CONVERSION = YES;
				CLANG_WARN_DEPRECATED_OBJC_IMPLEMENTATIONS = YES;
				CLANG_WARN_DIRECT_OBJC_ISA_USAGE = YES_ERROR;
				CLANG_WARN_DOCUMENTATION_COMMENTS = YES;
				CLANG_WARN_EMPTY_BODY = YES;
				CLANG_WARN_ENUM_CONVERSION = YES;
				CLANG_WARN_INFINITE_RECURSION = YES;
				CLANG_WARN_INT_CONVERSION = YES;
				CLANG_WARN_NON_LITERAL_NULL_CONVERSION = YES;
				CLANG_WARN_OBJC_IMPLICIT_RETAIN_SELF = YES;
				CLANG_WARN_OBJC_LITERAL_CONVERSION = YES;
				CLANG_WARN_OBJC_ROOT_CLASS = YES_ERROR;
				CLANG_WARN_QUOTED_INCLUDE_IN_FRAMEWORK_HEADER = YES;
				CLANG_WARN_RANGE_LOOP_ANALYSIS = YES;
				CLANG_WARN_STRICT_PROTOTYPES = YES;
				CLANG_WARN_SUSPICIOUS_MOVE = YES;
				CLANG_WARN_UNGUARDED_AVAILABILITY = YES_AGGRESSIVE;
				CLANG_WARN_UNREACHABLE_CODE = YES;
				CLANG_WARN__DUPLICATE_METHOD_MATCH = YES;
				COPY_PHASE_STRIP = NO;
				DEBUG_INFORMATION_FORMAT = dwarf;
				ENABLE_STRICT_OBJC_MSGSEND = YES;
				ENABLE_TESTABILITY = YES;
				GCC_C_LANGUAGE_STANDARD = gnu11;
				GCC_DYNAMIC_NO_PIC = NO;
				GCC_NO_COMMON_BLOCKS = YES;
				GCC_OPTIMIZATION_LEVEL = 0;
				GCC_PREPROCESSOR_DEFINITIONS = (
					"DEBUG=1",
					"$(inherited)",
				);
				GCC_WARN_64_TO_32_BIT_CONVERSION = YES;
				GCC_WARN_ABOUT_RETURN_TYPE = YES_ERROR;
				GCC_WARN_UNDECLARED_SELECTOR = YES;
				GCC_WARN_UNINITIALIZED_AUTOS = YES_AGGRESSIVE;
				GCC_WARN_UNUSED_FUNCTION = YES;
				GCC_WARN_UNUSED_VARIABLE = YES;
				IPHONEOS_DEPLOYMENT_TARGET = 14.5;
				MTL_ENABLE_DEBUG_INFO = INCLUDE_SOURCE;
				MTL_FAST_MATH = YES;
				ONLY_ACTIVE_ARCH = YES;
				SDKROOT = iphoneos;
				SWIFT_ACTIVE_COMPILATION_CONDITIONS = DEBUG;
				SWIFT_OPTIMIZATION_LEVEL = "-Onone";
			};
			name = Debug;
		};
		1B8012AD26BAC89200551F8C /* Release */ = {
			isa = XCBuildConfiguration;
			buildSettings = {
				ALWAYS_SEARCH_USER_PATHS = NO;
				CLANG_ANALYZER_NONNULL = YES;
				CLANG_ANALYZER_NUMBER_OBJECT_CONVERSION = YES_AGGRESSIVE;
				CLANG_CXX_LANGUAGE_STANDARD = "gnu++14";
				CLANG_CXX_LIBRARY = "libc++";
				CLANG_ENABLE_MODULES = YES;
				CLANG_ENABLE_OBJC_ARC = YES;
				CLANG_ENABLE_OBJC_WEAK = YES;
				CLANG_WARN_BLOCK_CAPTURE_AUTORELEASING = YES;
				CLANG_WARN_BOOL_CONVERSION = YES;
				CLANG_WARN_COMMA = YES;
				CLANG_WARN_CONSTANT_CONVERSION = YES;
				CLANG_WARN_DEPRECATED_OBJC_IMPLEMENTATIONS = YES;
				CLANG_WARN_DIRECT_OBJC_ISA_USAGE = YES_ERROR;
				CLANG_WARN_DOCUMENTATION_COMMENTS = YES;
				CLANG_WARN_EMPTY_BODY = YES;
				CLANG_WARN_ENUM_CONVERSION = YES;
				CLANG_WARN_INFINITE_RECURSION = YES;
				CLANG_WARN_INT_CONVERSION = YES;
				CLANG_WARN_NON_LITERAL_NULL_CONVERSION = YES;
				CLANG_WARN_OBJC_IMPLICIT_RETAIN_SELF = YES;
				CLANG_WARN_OBJC_LITERAL_CONVERSION = YES;
				CLANG_WARN_OBJC_ROOT_CLASS = YES_ERROR;
				CLANG_WARN_QUOTED_INCLUDE_IN_FRAMEWORK_HEADER = YES;
				CLANG_WARN_RANGE_LOOP_ANALYSIS = YES;
				CLANG_WARN_STRICT_PROTOTYPES = YES;
				CLANG_WARN_SUSPICIOUS_MOVE = YES;
				CLANG_WARN_UNGUARDED_AVAILABILITY = YES_AGGRESSIVE;
				CLANG_WARN_UNREACHABLE_CODE = YES;
				CLANG_WARN__DUPLICATE_METHOD_MATCH = YES;
				COPY_PHASE_STRIP = NO;
				DEBUG_INFORMATION_FORMAT = "dwarf-with-dsym";
				ENABLE_NS_ASSERTIONS = NO;
				ENABLE_STRICT_OBJC_MSGSEND = YES;
				GCC_C_LANGUAGE_STANDARD = gnu11;
				GCC_NO_COMMON_BLOCKS = YES;
				GCC_WARN_64_TO_32_BIT_CONVERSION = YES;
				GCC_WARN_ABOUT_RETURN_TYPE = YES_ERROR;
				GCC_WARN_UNDECLARED_SELECTOR = YES;
				GCC_WARN_UNINITIALIZED_AUTOS = YES_AGGRESSIVE;
				GCC_WARN_UNUSED_FUNCTION = YES;
				GCC_WARN_UNUSED_VARIABLE = YES;
				IPHONEOS_DEPLOYMENT_TARGET = 14.5;
				MTL_ENABLE_DEBUG_INFO = NO;
				MTL_FAST_MATH = YES;
				SDKROOT = iphoneos;
				SWIFT_COMPILATION_MODE = wholemodule;
				SWIFT_OPTIMIZATION_LEVEL = "-O";
				VALIDATE_PRODUCT = YES;
			};
			name = Release;
		};
		1B8012AF26BAC89200551F8C /* Debug */ = {
			isa = XCBuildConfiguration;
			buildSettings = {
				ASSETCATALOG_COMPILER_APPICON_NAME = AppIcon;
				ASSETCATALOG_COMPILER_GLOBAL_ACCENT_COLOR_NAME = AccentColor;
				CODE_SIGN_STYLE = Automatic;
				DEVELOPMENT_TEAM = 2WGLRC4Y2A;
				INFOPLIST_FILE = Algorithm/Info.plist;
				LD_RUNPATH_SEARCH_PATHS = (
					"$(inherited)",
					"@executable_path/Frameworks",
				);
				PRODUCT_BUNDLE_IDENTIFIER = com.JeongYeon.Algorithm;
				PRODUCT_NAME = "$(TARGET_NAME)";
				SWIFT_VERSION = 5.0;
				TARGETED_DEVICE_FAMILY = "1,2";
			};
			name = Debug;
		};
		1B8012B026BAC89200551F8C /* Release */ = {
			isa = XCBuildConfiguration;
			buildSettings = {
				ASSETCATALOG_COMPILER_APPICON_NAME = AppIcon;
				ASSETCATALOG_COMPILER_GLOBAL_ACCENT_COLOR_NAME = AccentColor;
				CODE_SIGN_STYLE = Automatic;
				DEVELOPMENT_TEAM = 2WGLRC4Y2A;
				INFOPLIST_FILE = Algorithm/Info.plist;
				LD_RUNPATH_SEARCH_PATHS = (
					"$(inherited)",
					"@executable_path/Frameworks",
				);
				PRODUCT_BUNDLE_IDENTIFIER = com.JeongYeon.Algorithm;
				PRODUCT_NAME = "$(TARGET_NAME)";
				SWIFT_VERSION = 5.0;
				TARGETED_DEVICE_FAMILY = "1,2";
			};
			name = Release;
		};
/* End XCBuildConfiguration section */

/* Begin XCConfigurationList section */
		1B80129526BAC89200551F8C /* Build configuration list for PBXProject "Algorithm" */ = {
			isa = XCConfigurationList;
			buildConfigurations = (
				1B8012AC26BAC89200551F8C /* Debug */,
				1B8012AD26BAC89200551F8C /* Release */,
			);
			defaultConfigurationIsVisible = 0;
			defaultConfigurationName = Release;
		};
		1B8012AE26BAC89200551F8C /* Build configuration list for PBXNativeTarget "Algorithm" */ = {
			isa = XCConfigurationList;
			buildConfigurations = (
				1B8012AF26BAC89200551F8C /* Debug */,
				1B8012B026BAC89200551F8C /* Release */,
			);
			defaultConfigurationIsVisible = 0;
			defaultConfigurationName = Release;
		};
/* End XCConfigurationList section */
	};
	rootObject = 1B80129226BAC89200551F8C /* Project object */;
}
